// !$*UTF8*$!
{
	archiveVersion = 1;
	classes = {
	};
	objectVersion = 56;
	objects = {

/* Begin PBXBuildFile section */
		20C7BEA62B8C894A002F88AD /* RealityKitContent in Frameworks */ = {isa = PBXBuildFile; productRef = 20C7BEA52B8C894A002F88AD /* RealityKitContent */; };
		20C7BEA82B8C894A002F88AD /* HelloAnimationApp.swift in Sources */ = {isa = PBXBuildFile; fileRef = 20C7BEA72B8C894A002F88AD /* HelloAnimationApp.swift */; };
		20C7BEAA2B8C894A002F88AD /* ContentView.swift in Sources */ = {isa = PBXBuildFile; fileRef = 20C7BEA92B8C894A002F88AD /* ContentView.swift */; };
		20C7BEAC2B8C894A002F88AD /* ImmersiveView.swift in Sources */ = {isa = PBXBuildFile; fileRef = 20C7BEAB2B8C894A002F88AD /* ImmersiveView.swift */; };
		20C7BEAE2B8C894C002F88AD /* Assets.xcassets in Resources */ = {isa = PBXBuildFile; fileRef = 20C7BEAD2B8C894C002F88AD /* Assets.xcassets */; };
		20C7BEB12B8C894C002F88AD /* Preview Assets.xcassets in Resources */ = {isa = PBXBuildFile; fileRef = 20C7BEB02B8C894C002F88AD /* Preview Assets.xcassets */; };
		20C7BEB92B8C897D002F88AD /* HelloAnimation.swift in Sources */ = {isa = PBXBuildFile; fileRef = 20C7BEB82B8C897D002F88AD /* HelloAnimation.swift */; };
		20C7BEBB2B8C89B7002F88AD /* Color+Hex.swift in Sources */ = {isa = PBXBuildFile; fileRef = 20C7BEBA2B8C89B7002F88AD /* Color+Hex.swift */; };
		20C7BEBD2B8C8A71002F88AD /* README.md in Resources */ = {isa = PBXBuildFile; fileRef = 20C7BEBC2B8C8A71002F88AD /* README.md */; };
/* End PBXBuildFile section */

/* Begin PBXFileReference section */
		20C7BEA02B8C894A002F88AD /* HelloAnimation.app */ = {isa = PBXFileReference; explicitFileType = wrapper.application; includeInIndex = 0; path = HelloAnimation.app; sourceTree = BUILT_PRODUCTS_DIR; };
		20C7BEA42B8C894A002F88AD /* RealityKitContent */ = {isa = PBXFileReference; lastKnownFileType = wrapper; path = RealityKitContent; sourceTree = "<group>"; };
		20C7BEA72B8C894A002F88AD /* HelloAnimationApp.swift */ = {isa = PBXFileReference; lastKnownFileType = sourcecode.swift; path = HelloAnimationApp.swift; sourceTree = "<group>"; };
		20C7BEA92B8C894A002F88AD /* ContentView.swift */ = {isa = PBXFileReference; lastKnownFileType = sourcecode.swift; path = ContentView.swift; sourceTree = "<group>"; };
		20C7BEAB2B8C894A002F88AD /* ImmersiveView.swift */ = {isa = PBXFileReference; lastKnownFileType = sourcecode.swift; path = ImmersiveView.swift; sourceTree = "<group>"; };
		20C7BEAD2B8C894C002F88AD /* Assets.xcassets */ = {isa = PBXFileReference; lastKnownFileType = folder.assetcatalog; path = Assets.xcassets; sourceTree = "<group>"; };
		20C7BEB02B8C894C002F88AD /* Preview Assets.xcassets */ = {isa = PBXFileReference; lastKnownFileType = folder.assetcatalog; path = "Preview Assets.xcassets"; sourceTree = "<group>"; };
		20C7BEB22B8C894C002F88AD /* Info.plist */ = {isa = PBXFileReference; lastKnownFileType = text.plist.xml; path = Info.plist; sourceTree = "<group>"; };
		20C7BEB82B8C897D002F88AD /* HelloAnimation.swift */ = {isa = PBXFileReference; fileEncoding = 4; lastKnownFileType = sourcecode.swift; path = HelloAnimation.swift; sourceTree = "<group>"; };
		20C7BEBA2B8C89B7002F88AD /* Color+Hex.swift */ = {isa = PBXFileReference; fileEncoding = 4; lastKnownFileType = sourcecode.swift; path = "Color+Hex.swift"; sourceTree = "<group>"; };
		20C7BEBC2B8C8A71002F88AD /* README.md */ = {isa = PBXFileReference; fileEncoding = 4; lastKnownFileType = net.daringfireball.markdown; path = README.md; sourceTree = "<group>"; };
/* End PBXFileReference section */

/* Begin PBXFrameworksBuildPhase section */
		20C7BE9D2B8C894A002F88AD /* Frameworks */ = {
			isa = PBXFrameworksBuildPhase;
			buildActionMask = 2147483647;
			files = (
				20C7BEA62B8C894A002F88AD /* RealityKitContent in Frameworks */,
			);
			runOnlyForDeploymentPostprocessing = 0;
		};
/* End PBXFrameworksBuildPhase section */

/* Begin PBXGroup section */
		20C7BE972B8C894A002F88AD = {
			isa = PBXGroup;
			children = (
				20C7BEBC2B8C8A71002F88AD /* README.md */,
				20C7BEA22B8C894A002F88AD /* HelloAnimation */,
				20C7BEA32B8C894A002F88AD /* Packages */,
				20C7BEA12B8C894A002F88AD /* Products */,
			);
			sourceTree = "<group>";
		};
		20C7BEA12B8C894A002F88AD /* Products */ = {
			isa = PBXGroup;
			children = (
				20C7BEA02B8C894A002F88AD /* HelloAnimation.app */,
			);
			name = Products;
			sourceTree = "<group>";
		};
		20C7BEA22B8C894A002F88AD /* HelloAnimation */ = {
			isa = PBXGroup;
			children = (
				20C7BEBA2B8C89B7002F88AD /* Color+Hex.swift */,
				20C7BEB82B8C897D002F88AD /* HelloAnimation.swift */,
				20C7BEA72B8C894A002F88AD /* HelloAnimationApp.swift */,
				20C7BEA92B8C894A002F88AD /* ContentView.swift */,
				20C7BEAB2B8C894A002F88AD /* ImmersiveView.swift */,
				20C7BEAD2B8C894C002F88AD /* Assets.xcassets */,
				20C7BEB22B8C894C002F88AD /* Info.plist */,
				20C7BEAF2B8C894C002F88AD /* Preview Content */,
			);
			path = HelloAnimation;
			sourceTree = "<group>";
		};
		20C7BEA32B8C894A002F88AD /* Packages */ = {
			isa = PBXGroup;
			children = (
				20C7BEA42B8C894A002F88AD /* RealityKitContent */,
			);
			path = Packages;
			sourceTree = "<group>";
		};
		20C7BEAF2B8C894C002F88AD /* Preview Content */ = {
			isa = PBXGroup;
			children = (
				20C7BEB02B8C894C002F88AD /* Preview Assets.xcassets */,
			);
			path = "Preview Content";
			sourceTree = "<group>";
		};
/* End PBXGroup section */

/* Begin PBXNativeTarget section */
		20C7BE9F2B8C894A002F88AD /* HelloAnimation */ = {
			isa = PBXNativeTarget;
			buildConfigurationList = 20C7BEB52B8C894C002F88AD /* Build configuration list for PBXNativeTarget "HelloAnimation" */;
			buildPhases = (
				20C7BE9C2B8C894A002F88AD /* Sources */,
				20C7BE9D2B8C894A002F88AD /* Frameworks */,
				20C7BE9E2B8C894A002F88AD /* Resources */,
			);
			buildRules = (
			);
			dependencies = (
			);
			name = HelloAnimation;
			packageProductDependencies = (
				20C7BEA52B8C894A002F88AD /* RealityKitContent */,
			);
			productName = HelloAnimation;
			productReference = 20C7BEA02B8C894A002F88AD /* HelloAnimation.app */;
			productType = "com.apple.product-type.application";
		};
/* End PBXNativeTarget section */

/* Begin PBXProject section */
		20C7BE982B8C894A002F88AD /* Project object */ = {
			isa = PBXProject;
			attributes = {
				BuildIndependentTargetsInParallel = 1;
				LastSwiftUpdateCheck = 1520;
				LastUpgradeCheck = 1520;
				TargetAttributes = {
					20C7BE9F2B8C894A002F88AD = {
						CreatedOnToolsVersion = 15.2;
					};
				};
			};
			buildConfigurationList = 20C7BE9B2B8C894A002F88AD /* Build configuration list for PBXProject "HelloAnimation" */;
			compatibilityVersion = "Xcode 14.0";
			developmentRegion = en;
			hasScannedForEncodings = 0;
			knownRegions = (
				en,
				Base,
			);
			mainGroup = 20C7BE972B8C894A002F88AD;
			productRefGroup = 20C7BEA12B8C894A002F88AD /* Products */;
			projectDirPath = "";
			projectRoot = "";
			targets = (
				20C7BE9F2B8C894A002F88AD /* HelloAnimation */,
			);
		};
/* End PBXProject section */

/* Begin PBXResourcesBuildPhase section */
		20C7BE9E2B8C894A002F88AD /* Resources */ = {
			isa = PBXResourcesBuildPhase;
			buildActionMask = 2147483647;
			files = (
				20C7BEBD2B8C8A71002F88AD /* README.md in Resources */,
				20C7BEB12B8C894C002F88AD /* Preview Assets.xcassets in Resources */,
				20C7BEAE2B8C894C002F88AD /* Assets.xcassets in Resources */,
			);
			runOnlyForDeploymentPostprocessing = 0;
		};
/* End PBXResourcesBuildPhase section */

/* Begin PBXSourcesBuildPhase section */
		20C7BE9C2B8C894A002F88AD /* Sources */ = {
			isa = PBXSourcesBuildPhase;
			buildActionMask = 2147483647;
			files = (
				20C7BEBB2B8C89B7002F88AD /* Color+Hex.swift in Sources */,
				20C7BEAA2B8C894A002F88AD /* ContentView.swift in Sources */,
				20C7BEA82B8C894A002F88AD /* HelloAnimationApp.swift in Sources */,
				20C7BEAC2B8C894A002F88AD /* ImmersiveView.swift in Sources */,
				20C7BEB92B8C897D002F88AD /* HelloAnimation.swift in Sources */,
			);
			runOnlyForDeploymentPostprocessing = 0;
		};
/* End PBXSourcesBuildPhase section */

/* Begin XCBuildConfiguration section */
		20C7BEB32B8C894C002F88AD /* Debug */ = {
			isa = XCBuildConfiguration;
			buildSettings = {
				ALWAYS_SEARCH_USER_PATHS = NO;
				ASSETCATALOG_COMPILER_GENERATE_SWIFT_ASSET_SYMBOL_EXTENSIONS = YES;
				CLANG_ANALYZER_NONNULL = YES;
				CLANG_ANALYZER_NUMBER_OBJECT_CONVERSION = YES_AGGRESSIVE;
				CLANG_CXX_LANGUAGE_STANDARD = "gnu++20";
				CLANG_ENABLE_MODULES = YES;
				CLANG_ENABLE_OBJC_ARC = YES;
				CLANG_ENABLE_OBJC_WEAK = YES;
				CLANG_WARN_BLOCK_CAPTURE_AUTORELEASING = YES;
				CLANG_WARN_BOOL_CONVERSION = YES;
				CLANG_WARN_COMMA = YES;
				CLANG_WARN_CONSTANT_CONVERSION = YES;
				CLANG_WARN_DEPRECATED_OBJC_IMPLEMENTATIONS = YES;
				CLANG_WARN_DIRECT_OBJC_ISA_USAGE = YES_ERROR;
				CLANG_WARN_DOCUMENTATION_COMMENTS = YES;
				CLANG_WARN_EMPTY_BODY = YES;
				CLANG_WARN_ENUM_CONVERSION = YES;
				CLANG_WARN_INFINITE_RECURSION = YES;
				CLANG_WARN_INT_CONVERSION = YES;
				CLANG_WARN_NON_LITERAL_NULL_CONVERSION = YES;
				CLANG_WARN_OBJC_IMPLICIT_RETAIN_SELF = YES;
				CLANG_WARN_OBJC_LITERAL_CONVERSION = YES;
				CLANG_WARN_OBJC_ROOT_CLASS = YES_ERROR;
				CLANG_WARN_QUOTED_INCLUDE_IN_FRAMEWORK_HEADER = YES;
				CLANG_WARN_RANGE_LOOP_ANALYSIS = YES;
				CLANG_WARN_STRICT_PROTOTYPES = YES;
				CLANG_WARN_SUSPICIOUS_MOVE = YES;
				CLANG_WARN_UNGUARDED_AVAILABILITY = YES_AGGRESSIVE;
				CLANG_WARN_UNREACHABLE_CODE = YES;
				CLANG_WARN__DUPLICATE_METHOD_MATCH = YES;
				COPY_PHASE_STRIP = NO;
				DEBUG_INFORMATION_FORMAT = dwarf;
				ENABLE_STRICT_OBJC_MSGSEND = YES;
				ENABLE_TESTABILITY = YES;
				ENABLE_USER_SCRIPT_SANDBOXING = YES;
				GCC_C_LANGUAGE_STANDARD = gnu17;
				GCC_DYNAMIC_NO_PIC = NO;
				GCC_NO_COMMON_BLOCKS = YES;
				GCC_OPTIMIZATION_LEVEL = 0;
				GCC_PREPROCESSOR_DEFINITIONS = (
					"DEBUG=1",
					"$(inherited)",
				);
				GCC_WARN_64_TO_32_BIT_CONVERSION = YES;
				GCC_WARN_ABOUT_RETURN_TYPE = YES_ERROR;
				GCC_WARN_UNDECLARED_SELECTOR = YES;
				GCC_WARN_UNINITIALIZED_AUTOS = YES_AGGRESSIVE;
				GCC_WARN_UNUSED_FUNCTION = YES;
				GCC_WARN_UNUSED_VARIABLE = YES;
				LOCALIZATION_PREFERS_STRING_CATALOGS = YES;
				MTL_ENABLE_DEBUG_INFO = INCLUDE_SOURCE;
				MTL_FAST_MATH = YES;
				ONLY_ACTIVE_ARCH = YES;
				SDKROOT = xros;
				SWIFT_ACTIVE_COMPILATION_CONDITIONS = "DEBUG $(inherited)";
				SWIFT_OPTIMIZATION_LEVEL = "-Onone";
				XROS_DEPLOYMENT_TARGET = 1.0;
			};
			name = Debug;
		};
		20C7BEB42B8C894C002F88AD /* Release */ = {
			isa = XCBuildConfiguration;
			buildSettings = {
				ALWAYS_SEARCH_USER_PATHS = NO;
				ASSETCATALOG_COMPILER_GENERATE_SWIFT_ASSET_SYMBOL_EXTENSIONS = YES;
				CLANG_ANALYZER_NONNULL = YES;
				CLANG_ANALYZER_NUMBER_OBJECT_CONVERSION = YES_AGGRESSIVE;
				CLANG_CXX_LANGUAGE_STANDARD = "gnu++20";
				CLANG_ENABLE_MODULES = YES;
				CLANG_ENABLE_OBJC_ARC = YES;
				CLANG_ENABLE_OBJC_WEAK = YES;
				CLANG_WARN_BLOCK_CAPTURE_AUTORELEASING = YES;
				CLANG_WARN_BOOL_CONVERSION = YES;
				CLANG_WARN_COMMA = YES;
				CLANG_WARN_CONSTANT_CONVERSION = YES;
				CLANG_WARN_DEPRECATED_OBJC_IMPLEMENTATIONS = YES;
				CLANG_WARN_DIRECT_OBJC_ISA_USAGE = YES_ERROR;
				CLANG_WARN_DOCUMENTATION_COMMENTS = YES;
				CLANG_WARN_EMPTY_BODY = YES;
				CLANG_WARN_ENUM_CONVERSION = YES;
				CLANG_WARN_INFINITE_RECURSION = YES;
				CLANG_WARN_INT_CONVERSION = YES;
				CLANG_WARN_NON_LITERAL_NULL_CONVERSION = YES;
				CLANG_WARN_OBJC_IMPLICIT_RETAIN_SELF = YES;
				CLANG_WARN_OBJC_LITERAL_CONVERSION = YES;
				CLANG_WARN_OBJC_ROOT_CLASS = YES_ERROR;
				CLANG_WARN_QUOTED_INCLUDE_IN_FRAMEWORK_HEADER = YES;
				CLANG_WARN_RANGE_LOOP_ANALYSIS = YES;
				CLANG_WARN_STRICT_PROTOTYPES = YES;
				CLANG_WARN_SUSPICIOUS_MOVE = YES;
				CLANG_WARN_UNGUARDED_AVAILABILITY = YES_AGGRESSIVE;
				CLANG_WARN_UNREACHABLE_CODE = YES;
				CLANG_WARN__DUPLICATE_METHOD_MATCH = YES;
				COPY_PHASE_STRIP = NO;
				DEBUG_INFORMATION_FORMAT = "dwarf-with-dsym";
				ENABLE_NS_ASSERTIONS = NO;
				ENABLE_STRICT_OBJC_MSGSEND = YES;
				ENABLE_USER_SCRIPT_SANDBOXING = YES;
				GCC_C_LANGUAGE_STANDARD = gnu17;
				GCC_NO_COMMON_BLOCKS = YES;
				GCC_WARN_64_TO_32_BIT_CONVERSION = YES;
				GCC_WARN_ABOUT_RETURN_TYPE = YES_ERROR;
				GCC_WARN_UNDECLARED_SELECTOR = YES;
				GCC_WARN_UNINITIALIZED_AUTOS = YES_AGGRESSIVE;
				GCC_WARN_UNUSED_FUNCTION = YES;
				GCC_WARN_UNUSED_VARIABLE = YES;
				LOCALIZATION_PREFERS_STRING_CATALOGS = YES;
				MTL_ENABLE_DEBUG_INFO = NO;
				MTL_FAST_MATH = YES;
				SDKROOT = xros;
				SWIFT_COMPILATION_MODE = wholemodule;
				VALIDATE_PRODUCT = YES;
				XROS_DEPLOYMENT_TARGET = 1.0;
			};
			name = Release;
		};
		20C7BEB62B8C894C002F88AD /* Debug */ = {
			isa = XCBuildConfiguration;
			buildSettings = {
				ASSETCATALOG_COMPILER_APPICON_NAME = AppIcon;
				ASSETCATALOG_COMPILER_GLOBAL_ACCENT_COLOR_NAME = AccentColor;
				CODE_SIGN_STYLE = Automatic;
				CURRENT_PROJECT_VERSION = 1;
				DEVELOPMENT_ASSET_PATHS = "\"HelloAnimation/Preview Content\"";
				DEVELOPMENT_TEAM = KCR7C6GSDJ;
				ENABLE_PREVIEWS = YES;
				GENERATE_INFOPLIST_FILE = YES;
				INFOPLIST_FILE = "$(TARGET_NAME)/Info.plist";
				LD_RUNPATH_SEARCH_PATHS = (
					"$(inherited)",
					"@executable_path/Frameworks",
				);
				MARKETING_VERSION = 1.0;
				PRODUCT_BUNDLE_IDENTIFIER = com.nino.Hello.HelloAnimation;
				PRODUCT_NAME = "$(TARGET_NAME)";
				SUPPORTED_PLATFORMS = "xros xrsimulator";
				SWIFT_EMIT_LOC_STRINGS = YES;
				SWIFT_VERSION = 5.0;
				TARGETED_DEVICE_FAMILY = "1,2,7";
			};
			name = Debug;
		};
		20C7BEB72B8C894C002F88AD /* Release */ = {
			isa = XCBuildConfiguration;
			buildSettings = {
				ASSETCATALOG_COMPILER_APPICON_NAME = AppIcon;
				ASSETCATALOG_COMPILER_GLOBAL_ACCENT_COLOR_NAME = AccentColor;
				CODE_SIGN_STYLE = Automatic;
				CURRENT_PROJECT_VERSION = 1;
				DEVELOPMENT_ASSET_PATHS = "\"HelloAnimation/Preview Content\"";
				DEVELOPMENT_TEAM = KCR7C6GSDJ;
				ENABLE_PREVIEWS = YES;
				GENERATE_INFOPLIST_FILE = YES;
				INFOPLIST_FILE = "$(TARGET_NAME)/Info.plist";
				LD_RUNPATH_SEARCH_PATHS = (
					"$(inherited)",
					"@executable_path/Frameworks",
				);
				MARKETING_VERSION = 1.0;
				PRODUCT_BUNDLE_IDENTIFIER = com.nino.Hello.HelloAnimation;
				PRODUCT_NAME = "$(TARGET_NAME)";
				SUPPORTED_PLATFORMS = "xros xrsimulator";
				SWIFT_EMIT_LOC_STRINGS = YES;
				SWIFT_VERSION = 5.0;
				TARGETED_DEVICE_FAMILY = "1,2,7";
			};
			name = Release;
		};
/* End XCBuildConfiguration section */

/* Begin XCConfigurationList section */
		20C7BE9B2B8C894A002F88AD /* Build configuration list for PBXProject "HelloAnimation" */ = {
			isa = XCConfigurationList;
			buildConfigurations = (
				20C7BEB32B8C894C002F88AD /* Debug */,
				20C7BEB42B8C894C002F88AD /* Release */,
			);
			defaultConfigurationIsVisible = 0;
			defaultConfigurationName = Release;
		};
		20C7BEB52B8C894C002F88AD /* Build configuration list for PBXNativeTarget "HelloAnimation" */ = {
			isa = XCConfigurationList;
			buildConfigurations = (
				20C7BEB62B8C894C002F88AD /* Debug */,
				20C7BEB72B8C894C002F88AD /* Release */,
			);
			defaultConfigurationIsVisible = 0;
			defaultConfigurationName = Release;
		};
/* End XCConfigurationList section */

/* Begin XCSwiftPackageProductDependency section */
		20C7BEA52B8C894A002F88AD /* RealityKitContent */ = {
			isa = XCSwiftPackageProductDependency;
			productName = RealityKitContent;
		};
/* End XCSwiftPackageProductDependency section */
	};
	rootObject = 20C7BE982B8C894A002F88AD /* Project object */;
}
